
Microsoft Visual Studio Solution File, Format Version 12.00
# Visual Studio Version 17
VisualStudioVersion = 17.1.32210.238
MinimumVisualStudioVersion = 10.0.40219.1
Project("{FAE04EC0-301F-11D3-BF4B-00C04F79EFBC}") = "OtobusFırması", "OtobusFırması\OtobusFırması.csproj", "{8AE6F8DC-4DC0-4BD5-8A07-AAAF6D273A85}"
EndProject
Global
	GlobalSection(SolutionConfigurationPlatforms) = preSolution
		Debug|Any CPU = Debug|Any CPU
		Release|Any CPU = Release|Any CPU
	EndGlobalSection
	GlobalSection(ProjectConfigurationPlatforms) = postSolution
		{8AE6F8DC-4DC0-4BD5-8A07-AAAF6D273A85}.Debug|Any CPU.ActiveCfg = Debug|Any CPU
		{8AE6F8DC-4DC0-4BD5-8A07-AAAF6D273A85}.Debug|Any CPU.Build.0 = Debug|Any CPU
		{8AE6F8DC-4DC0-4BD5-8A07-AAAF6D273A85}.Release|Any CPU.ActiveCfg = Release|Any CPU
		{8AE6F8DC-4DC0-4BD5-8A07-AAAF6D273A85}.Release|Any CPU.Build.0 = Release|Any CPU
	EndGlobalSection
	GlobalSection(SolutionProperties) = preSolution
		HideSolutionNode = FALSE
	EndGlobalSection
	GlobalSection(ExtensibilityGlobals) = postSolution
		SolutionGuid = {3BC2EA4C-F6B8-4C28-868C-94B9487E5F3E}
	EndGlobalSection
EndGlobal
